<?xml version="1.0" encoding="UTF-8" standalone="yes" ?>
<CodeBlocks_project_file>
	<FileVersion major="1" minor="6" />
	<Project>
		<Option title="tset" />
		<Option pch_mode="2" />
		<Option compiler="gcc" />
		<Build>
			<Target title="Debug">
				<Option output="bin/Debug/tset" prefix_auto="1" extension_auto="1" />
				<Option object_output="obj/Debug/" />
				<Option type="1" />
				<Option compiler="gcc" />
				<Compiler>
					<Add option="-g" />
				</Compiler>
				<Linker>
					<Add library="sfml-graphics-d" />
					<Add library="sfml-window-d" />
					<Add library="sfml-system-d" />
				</Linker>
			</Target>
			<Target title="Release">
				<Option output="bin/Release/tset" prefix_auto="1" extension_auto="1" />
				<Option object_output="obj/Release/" />
				<Option type="0" />
				<Option compiler="gcc" />
				<Compiler>
					<Add option="-O2" />
				</Compiler>
				<Linker>
					<Add option="-s" />
					<Add library="sfml-graphics" />
					<Add library="sfml-window" />
					<Add library="sfml-system" />
				</Linker>
			</Target>
		</Build>
		<Compiler>
			<Add option="-Wall" />
			<Add directory="C:/SFML-2.5.1/include" />
		</Compiler>
		<Linker>
			<Add library="mingw32" />
			<Add library="user32" />
			<Add library="gdi32" />
			<Add library="winmm" />
			<Add library="dxguid" />
			<Add directory="C:/SFML-2.5.1/lib" />
		</Linker>
		<Unit filename="../arrow.cpp" />
		<Unit filename="../arrow.hpp" />
		<Unit filename="../button.cpp" />
		<Unit filename="../button.hpp" />
		<Unit filename="../data_visualization.cpp" />
		<Unit filename="../data_visualization.hpp" />
		<Unit filename="../ds_dynamicarray.cpp" />
		<Unit filename="../ds_dynamicarray.hpp" />
		<Unit filename="../ds_linkedlist.cpp" />
		<Unit filename="../ds_linkedlist.hpp" />
		<Unit filename="../ds_queue.cpp" />
		<Unit filename="../ds_queue.hpp" />
		<Unit filename="../ds_stack.cpp" />
		<Unit filename="../ds_stack.hpp" />
		<Unit filename="../ds_staticarray.cpp" />
		<Unit filename="../ds_staticarray.hpp" />
		<Unit filename="../inputbox.cpp" />
		<Unit filename="../inputbox.hpp" />
		<Unit filename="../main.cpp" />
		<Unit filename="../manipulate_animation.cpp" />
		<Unit filename="../manipulate_animation.hpp" />
		<Unit filename="../node.cpp" />
		<Unit filename="../node.hpp" />
		<Unit filename="../state.cpp" />
		<Unit filename="../state.hpp" />
		<Unit filename="../struct_ds.cpp" />
		<Unit filename="../struct_ds.hpp" />
		<Unit filename="../style.cpp" />
		<Unit filename="../style.hpp" />
		<Unit filename="../support_function.cpp" />
		<Unit filename="../support_function.hpp" />
		<Unit filename="../triplecolor.cpp" />
		<Unit filename="../triplecolor.hpp" />
		<Extensions>
			<lib_finder disable_auto="1" />
		</Extensions>
	</Project>
</CodeBlocks_project_file>
